
Microsoft Visual Studio Solution File, Format Version 12.00
# Visual Studio Version 16
VisualStudioVersion = 16.0.31515.178
MinimumVisualStudioVersion = 10.0.40219.1
Project("{FAE04EC0-301F-11D3-BF4B-00C04F79EFBC}") = "app-tinhluong", "app-tinhluong\app-tinhluong.csproj", "{BC5B479F-D65F-48A9-A0C5-57952E45A5DA}"
EndProject
Global
	GlobalSection(SolutionConfigurationPlatforms) = preSolution
		Debug|Any CPU = Debug|Any CPU
		Release|Any CPU = Release|Any CPU
	EndGlobalSection
	GlobalSection(ProjectConfigurationPlatforms) = postSolution
		{BC5B479F-D65F-48A9-A0C5-57952E45A5DA}.Debug|Any CPU.ActiveCfg = Debug|Any CPU
		{BC5B479F-D65F-48A9-A0C5-57952E45A5DA}.Debug|Any CPU.Build.0 = Debug|Any CPU
		{BC5B479F-D65F-48A9-A0C5-57952E45A5DA}.Release|Any CPU.ActiveCfg = Release|Any CPU
		{BC5B479F-D65F-48A9-A0C5-57952E45A5DA}.Release|Any CPU.Build.0 = Release|Any CPU
	EndGlobalSection
	GlobalSection(SolutionProperties) = preSolution
		HideSolutionNode = FALSE
	EndGlobalSection
	GlobalSection(ExtensibilityGlobals) = postSolution
		SolutionGuid = {59A238A2-6179-4365-A171-D4CEA5ACC2D2}
	EndGlobalSection
EndGlobal
